// !$*UTF8*$!
{
	archiveVersion = 1;
	classes = {
	};
	objectVersion = 50;
	objects = {

/* Begin PBXBuildFile section */
		F8187D292416BAA9001FB7E9 /* AppDelegate.swift in Sources */ = {isa = PBXBuildFile; fileRef = F8187D282416BAA9001FB7E9 /* AppDelegate.swift */; };
		F8187D2B2416BAA9001FB7E9 /* SceneDelegate.swift in Sources */ = {isa = PBXBuildFile; fileRef = F8187D2A2416BAA9001FB7E9 /* SceneDelegate.swift */; };
		F8187D2D2416BAA9001FB7E9 /* ViewController.swift in Sources */ = {isa = PBXBuildFile; fileRef = F8187D2C2416BAA9001FB7E9 /* ViewController.swift */; };
		F8187D302416BAA9001FB7E9 /* Main.storyboard in Resources */ = {isa = PBXBuildFile; fileRef = F8187D2E2416BAA9001FB7E9 /* Main.storyboard */; };
		F8187D322416BAAC001FB7E9 /* Assets.xcassets in Resources */ = {isa = PBXBuildFile; fileRef = F8187D312416BAAC001FB7E9 /* Assets.xcassets */; };
		F8187D352416BAAC001FB7E9 /* LaunchScreen.storyboard in Resources */ = {isa = PBXBuildFile; fileRef = F8187D332416BAAC001FB7E9 /* LaunchScreen.storyboard */; };
		F8187D402416BAAC001FB7E9 /* SampleRxAppTests.swift in Sources */ = {isa = PBXBuildFile; fileRef = F8187D3F2416BAAC001FB7E9 /* SampleRxAppTests.swift */; };
/* End PBXBuildFile section */

/* Begin PBXContainerItemProxy section */
		F8187D3C2416BAAC001FB7E9 /* PBXContainerItemProxy */ = {
			isa = PBXContainerItemProxy;
			containerPortal = F8187D1D2416BAA9001FB7E9 /* Project object */;
			proxyType = 1;
			remoteGlobalIDString = F8187D242416BAA9001FB7E9;
			remoteInfo = SampleRxApp;
		};
/* End PBXContainerItemProxy section */

/* Begin PBXFileReference section */
		F8187D252416BAA9001FB7E9 /* SampleRxApp.app */ = {isa = PBXFileReference; explicitFileType = wrapper.application; includeInIndex = 0; path = SampleRxApp.app; sourceTree = BUILT_PRODUCTS_DIR; };
		F8187D282416BAA9001FB7E9 /* AppDelegate.swift */ = {isa = PBXFileReference; lastKnownFileType = sourcecode.swift; path = AppDelegate.swift; sourceTree = "<group>"; };
		F8187D2A2416BAA9001FB7E9 /* SceneDelegate.swift */ = {isa = PBXFileReference; lastKnownFileType = sourcecode.swift; path = SceneDelegate.swift; sourceTree = "<group>"; };
		F8187D2C2416BAA9001FB7E9 /* ViewController.swift */ = {isa = PBXFileReference; lastKnownFileType = sourcecode.swift; path = ViewController.swift; sourceTree = "<group>"; };
		F8187D2F2416BAA9001FB7E9 /* Base */ = {isa = PBXFileReference; lastKnownFileType = file.storyboard; name = Base; path = Base.lproj/Main.storyboard; sourceTree = "<group>"; };
		F8187D312416BAAC001FB7E9 /* Assets.xcassets */ = {isa = PBXFileReference; lastKnownFileType = folder.assetcatalog; path = Assets.xcassets; sourceTree = "<group>"; };
		F8187D342416BAAC001FB7E9 /* Base */ = {isa = PBXFileReference; lastKnownFileType = file.storyboard; name = Base; path = Base.lproj/LaunchScreen.storyboard; sourceTree = "<group>"; };
		F8187D362416BAAC001FB7E9 /* Info.plist */ = {isa = PBXFileReference; lastKnownFileType = text.plist.xml; path = Info.plist; sourceTree = "<group>"; };
		F8187D3B2416BAAC001FB7E9 /* SampleRxAppTests.xctest */ = {isa = PBXFileReference; explicitFileType = wrapper.cfbundle; includeInIndex = 0; path = SampleRxAppTests.xctest; sourceTree = BUILT_PRODUCTS_DIR; };
		F8187D3F2416BAAC001FB7E9 /* SampleRxAppTests.swift */ = {isa = PBXFileReference; lastKnownFileType = sourcecode.swift; path = SampleRxAppTests.swift; sourceTree = "<group>"; };
		F8187D412416BAAC001FB7E9 /* Info.plist */ = {isa = PBXFileReference; lastKnownFileType = text.plist.xml; path = Info.plist; sourceTree = "<group>"; };
/* End PBXFileReference section */

/* Begin PBXFrameworksBuildPhase section */
		F8187D222416BAA9001FB7E9 /* Frameworks */ = {
			isa = PBXFrameworksBuildPhase;
			buildActionMask = 2147483647;
			files = (
			);
			runOnlyForDeploymentPostprocessing = 0;
		};
		F8187D382416BAAC001FB7E9 /* Frameworks */ = {
			isa = PBXFrameworksBuildPhase;
			buildActionMask = 2147483647;
			files = (
			);
			runOnlyForDeploymentPostprocessing = 0;
		};
/* End PBXFrameworksBuildPhase section */

/* Begin PBXGroup section */
		F8187D1C2416BAA9001FB7E9 = {
			isa = PBXGroup;
			children = (
				F8187D272416BAA9001FB7E9 /* SampleRxApp */,
				F8187D3E2416BAAC001FB7E9 /* SampleRxAppTests */,
				F8187D262416BAA9001FB7E9 /* Products */,
			);
			sourceTree = "<group>";
		};
		F8187D262416BAA9001FB7E9 /* Products */ = {
			isa = PBXGroup;
			children = (
				F8187D252416BAA9001FB7E9 /* SampleRxApp.app */,
				F8187D3B2416BAAC001FB7E9 /* SampleRxAppTests.xctest */,
			);
			name = Products;
			sourceTree = "<group>";
		};
		F8187D272416BAA9001FB7E9 /* SampleRxApp */ = {
			isa = PBXGroup;
			children = (
				F8187D282416BAA9001FB7E9 /* AppDelegate.swift */,
				F8187D2A2416BAA9001FB7E9 /* SceneDelegate.swift */,
				F8187D2C2416BAA9001FB7E9 /* ViewController.swift */,
				F8187D2E2416BAA9001FB7E9 /* Main.storyboard */,
				F8187D312416BAAC001FB7E9 /* Assets.xcassets */,
				F8187D332416BAAC001FB7E9 /* LaunchScreen.storyboard */,
				F8187D362416BAAC001FB7E9 /* Info.plist */,
			);
			path = SampleRxApp;
			sourceTree = "<group>";
		};
		F8187D3E2416BAAC001FB7E9 /* SampleRxAppTests */ = {
			isa = PBXGroup;
			children = (
				F8187D3F2416BAAC001FB7E9 /* SampleRxAppTests.swift */,
				F8187D412416BAAC001FB7E9 /* Info.plist */,
			);
			path = SampleRxAppTests;
			sourceTree = "<group>";
		};
/* End PBXGroup section */

/* Begin PBXNativeTarget section */
		F8187D242416BAA9001FB7E9 /* SampleRxApp */ = {
			isa = PBXNativeTarget;
			buildConfigurationList = F8187D442416BAAC001FB7E9 /* Build configuration list for PBXNativeTarget "SampleRxApp" */;
			buildPhases = (
				F8187D212416BAA9001FB7E9 /* Sources */,
				F8187D222416BAA9001FB7E9 /* Frameworks */,
				F8187D232416BAA9001FB7E9 /* Resources */,
			);
			buildRules = (
			);
			dependencies = (
			);
			name = SampleRxApp;
			productName = SampleRxApp;
			productReference = F8187D252416BAA9001FB7E9 /* SampleRxApp.app */;
			productType = "com.apple.product-type.application";
		};
		F8187D3A2416BAAC001FB7E9 /* SampleRxAppTests */ = {
			isa = PBXNativeTarget;
			buildConfigurationList = F8187D472416BAAC001FB7E9 /* Build configuration list for PBXNativeTarget "SampleRxAppTests" */;
			buildPhases = (
				F8187D372416BAAC001FB7E9 /* Sources */,
				F8187D382416BAAC001FB7E9 /* Frameworks */,
				F8187D392416BAAC001FB7E9 /* Resources */,
			);
			buildRules = (
			);
			dependencies = (
				F8187D3D2416BAAC001FB7E9 /* PBXTargetDependency */,
			);
			name = SampleRxAppTests;
			productName = SampleRxAppTests;
			productReference = F8187D3B2416BAAC001FB7E9 /* SampleRxAppTests.xctest */;
			productType = "com.apple.product-type.bundle.unit-test";
		};
/* End PBXNativeTarget section */

/* Begin PBXProject section */
		F8187D1D2416BAA9001FB7E9 /* Project object */ = {
			isa = PBXProject;
			attributes = {
				LastSwiftUpdateCheck = 1100;
				LastUpgradeCheck = 1100;
				ORGANIZATIONNAME = "Ivy Gulch";
				TargetAttributes = {
					F8187D242416BAA9001FB7E9 = {
						CreatedOnToolsVersion = 11.0;
					};
					F8187D3A2416BAAC001FB7E9 = {
						CreatedOnToolsVersion = 11.0;
						TestTargetID = F8187D242416BAA9001FB7E9;
					};
				};
			};
			buildConfigurationList = F8187D202416BAA9001FB7E9 /* Build configuration list for PBXProject "SampleRxApp" */;
			compatibilityVersion = "Xcode 9.3";
			developmentRegion = en;
			hasScannedForEncodings = 0;
			knownRegions = (
				en,
				Base,
			);
			mainGroup = F8187D1C2416BAA9001FB7E9;
			productRefGroup = F8187D262416BAA9001FB7E9 /* Products */;
			projectDirPath = "";
			projectRoot = "";
			targets = (
				F8187D242416BAA9001FB7E9 /* SampleRxApp */,
				F8187D3A2416BAAC001FB7E9 /* SampleRxAppTests */,
			);
		};
/* End PBXProject section */

/* Begin PBXResourcesBuildPhase section */
		F8187D232416BAA9001FB7E9 /* Resources */ = {
			isa = PBXResourcesBuildPhase;
			buildActionMask = 2147483647;
			files = (
				F8187D352416BAAC001FB7E9 /* LaunchScreen.storyboard in Resources */,
				F8187D322416BAAC001FB7E9 /* Assets.xcassets in Resources */,
				F8187D302416BAA9001FB7E9 /* Main.storyboard in Resources */,
			);
			runOnlyForDeploymentPostprocessing = 0;
		};
		F8187D392416BAAC001FB7E9 /* Resources */ = {
			isa = PBXResourcesBuildPhase;
			buildActionMask = 2147483647;
			files = (
			);
			runOnlyForDeploymentPostprocessing = 0;
		};
/* End PBXResourcesBuildPhase section */

/* Begin PBXSourcesBuildPhase section */
		F8187D212416BAA9001FB7E9 /* Sources */ = {
			isa = PBXSourcesBuildPhase;
			buildActionMask = 2147483647;
			files = (
				F8187D2D2416BAA9001FB7E9 /* ViewController.swift in Sources */,
				F8187D292416BAA9001FB7E9 /* AppDelegate.swift in Sources */,
				F8187D2B2416BAA9001FB7E9 /* SceneDelegate.swift in Sources */,
			);
			runOnlyForDeploymentPostprocessing = 0;
		};
		F8187D372416BAAC001FB7E9 /* Sources */ = {
			isa = PBXSourcesBuildPhase;
			buildActionMask = 2147483647;
			files = (
				F8187D402416BAAC001FB7E9 /* SampleRxAppTests.swift in Sources */,
			);
			runOnlyForDeploymentPostprocessing = 0;
		};
/* End PBXSourcesBuildPhase section */

/* Begin PBXTargetDependency section */
		F8187D3D2416BAAC001FB7E9 /* PBXTargetDependency */ = {
			isa = PBXTargetDependency;
			target = F8187D242416BAA9001FB7E9 /* SampleRxApp */;
			targetProxy = F8187D3C2416BAAC001FB7E9 /* PBXContainerItemProxy */;
		};
/* End PBXTargetDependency section */

/* Begin PBXVariantGroup section */
		F8187D2E2416BAA9001FB7E9 /* Main.storyboard */ = {
			isa = PBXVariantGroup;
			children = (
				F8187D2F2416BAA9001FB7E9 /* Base */,
			);
			name = Main.storyboard;
			sourceTree = "<group>";
		};
		F8187D332416BAAC001FB7E9 /* LaunchScreen.storyboard */ = {
			isa = PBXVariantGroup;
			children = (
				F8187D342416BAAC001FB7E9 /* Base */,
			);
			name = LaunchScreen.storyboard;
			sourceTree = "<group>";
		};
/* End PBXVariantGroup section */

/* Begin XCBuildConfiguration section */
		F8187D422416BAAC001FB7E9 /* Debug */ = {
			isa = XCBuildConfiguration;
			buildSettings = {
				ALWAYS_SEARCH_USER_PATHS = NO;
				CLANG_ANALYZER_NONNULL = YES;
				CLANG_ANALYZER_NUMBER_OBJECT_CONVERSION = YES_AGGRESSIVE;
				CLANG_CXX_LANGUAGE_STANDARD = "gnu++14";
				CLANG_CXX_LIBRARY = "libc++";
				CLANG_ENABLE_MODULES = YES;
				CLANG_ENABLE_OBJC_ARC = YES;
				CLANG_ENABLE_OBJC_WEAK = YES;
				CLANG_WARN_BLOCK_CAPTURE_AUTORELEASING = YES;
				CLANG_WARN_BOOL_CONVERSION = YES;
				CLANG_WARN_COMMA = YES;
				CLANG_WARN_CONSTANT_CONVERSION = YES;
				CLANG_WARN_DEPRECATED_OBJC_IMPLEMENTATIONS = YES;
				CLANG_WARN_DIRECT_OBJC_ISA_USAGE = YES_ERROR;
				CLANG_WARN_DOCUMENTATION_COMMENTS = YES;
				CLANG_WARN_EMPTY_BODY = YES;
				CLANG_WARN_ENUM_CONVERSION = YES;
				CLANG_WARN_INFINITE_RECURSION = YES;
				CLANG_WARN_INT_CONVERSION = YES;
				CLANG_WARN_NON_LITERAL_NULL_CONVERSION = YES;
				CLANG_WARN_OBJC_IMPLICIT_RETAIN_SELF = YES;
				CLANG_WARN_OBJC_LITERAL_CONVERSION = YES;
				CLANG_WARN_OBJC_ROOT_CLASS = YES_ERROR;
				CLANG_WARN_RANGE_LOOP_ANALYSIS = YES;
				CLANG_WARN_STRICT_PROTOTYPES = YES;
				CLANG_WARN_SUSPICIOUS_MOVE = YES;
				CLANG_WARN_UNGUARDED_AVAILABILITY = YES_AGGRESSIVE;
				CLANG_WARN_UNREACHABLE_CODE = YES;
				CLANG_WARN__DUPLICATE_METHOD_MATCH = YES;
				COPY_PHASE_STRIP = NO;
				DEBUG_INFORMATION_FORMAT = dwarf;
				ENABLE_STRICT_OBJC_MSGSEND = YES;
				ENABLE_TESTABILITY = YES;
				GCC_C_LANGUAGE_STANDARD = gnu11;
				GCC_DYNAMIC_NO_PIC = NO;
				GCC_NO_COMMON_BLOCKS = YES;
				GCC_OPTIMIZATION_LEVEL = 0;
				GCC_PREPROCESSOR_DEFINITIONS = (
					"DEBUG=1",
					"$(inherited)",
				);
				GCC_WARN_64_TO_32_BIT_CONVERSION = YES;
				GCC_WARN_ABOUT_RETURN_TYPE = YES_ERROR;
				GCC_WARN_UNDECLARED_SELECTOR = YES;
				GCC_WARN_UNINITIALIZED_AUTOS = YES_AGGRESSIVE;
				GCC_WARN_UNUSED_FUNCTION = YES;
				GCC_WARN_UNUSED_VARIABLE = YES;
				IPHONEOS_DEPLOYMENT_TARGET = 13.0;
				MTL_ENABLE_DEBUG_INFO = INCLUDE_SOURCE;
				MTL_FAST_MATH = YES;
				ONLY_ACTIVE_ARCH = YES;
				SDKROOT = iphoneos;
				SWIFT_ACTIVE_COMPILATION_CONDITIONS = DEBUG;
				SWIFT_OPTIMIZATION_LEVEL = "-Onone";
			};
			name = Debug;
		};
		F8187D432416BAAC001FB7E9 /* Release */ = {
			isa = XCBuildConfiguration;
			buildSettings = {
				ALWAYS_SEARCH_USER_PATHS = NO;
				CLANG_ANALYZER_NONNULL = YES;
				CLANG_ANALYZER_NUMBER_OBJECT_CONVERSION = YES_AGGRESSIVE;
				CLANG_CXX_LANGUAGE_STANDARD = "gnu++14";
				CLANG_CXX_LIBRARY = "libc++";
				CLANG_ENABLE_MODULES = YES;
				CLANG_ENABLE_OBJC_ARC = YES;
				CLANG_ENABLE_OBJC_WEAK = YES;
				CLANG_WARN_BLOCK_CAPTURE_AUTORELEASING = YES;
				CLANG_WARN_BOOL_CONVERSION = YES;
				CLANG_WARN_COMMA = YES;
				CLANG_WARN_CONSTANT_CONVERSION = YES;
				CLANG_WARN_DEPRECATED_OBJC_IMPLEMENTATIONS = YES;
				CLANG_WARN_DIRECT_OBJC_ISA_USAGE = YES_ERROR;
				CLANG_WARN_DOCUMENTATION_COMMENTS = YES;
				CLANG_WARN_EMPTY_BODY = YES;
				CLANG_WARN_ENUM_CONVERSION = YES;
				CLANG_WARN_INFINITE_RECURSION = YES;
				CLANG_WARN_INT_CONVERSION = YES;
				CLANG_WARN_NON_LITERAL_NULL_CONVERSION = YES;
				CLANG_WARN_OBJC_IMPLICIT_RETAIN_SELF = YES;
				CLANG_WARN_OBJC_LITERAL_CONVERSION = YES;
				CLANG_WARN_OBJC_ROOT_CLASS = YES_ERROR;
				CLANG_WARN_RANGE_LOOP_ANALYSIS = YES;
				CLANG_WARN_STRICT_PROTOTYPES = YES;
				CLANG_WARN_SUSPICIOUS_MOVE = YES;
				CLANG_WARN_UNGUARDED_AVAILABILITY = YES_AGGRESSIVE;
				CLANG_WARN_UNREACHABLE_CODE = YES;
				CLANG_WARN__DUPLICATE_METHOD_MATCH = YES;
				COPY_PHASE_STRIP = NO;
				DEBUG_INFORMATION_FORMAT = "dwarf-with-dsym";
				ENABLE_NS_ASSERTIONS = NO;
				ENABLE_STRICT_OBJC_MSGSEND = YES;
				GCC_C_LANGUAGE_STANDARD = gnu11;
				GCC_NO_COMMON_BLOCKS = YES;
				GCC_WARN_64_TO_32_BIT_CONVERSION = YES;
				GCC_WARN_ABOUT_RETURN_TYPE = YES_ERROR;
				GCC_WARN_UNDECLARED_SELECTOR = YES;
				GCC_WARN_UNINITIALIZED_AUTOS = YES_AGGRESSIVE;
				GCC_WARN_UNUSED_FUNCTION = YES;
				GCC_WARN_UNUSED_VARIABLE = YES;
				IPHONEOS_DEPLOYMENT_TARGET = 13.0;
				MTL_ENABLE_DEBUG_INFO = NO;
				MTL_FAST_MATH = YES;
				SDKROOT = iphoneos;
				SWIFT_COMPILATION_MODE = wholemodule;
				SWIFT_OPTIMIZATION_LEVEL = "-O";
				VALIDATE_PRODUCT = YES;
			};
			name = Release;
		};
		F8187D452416BAAC001FB7E9 /* Debug */ = {
			isa = XCBuildConfiguration;
			buildSettings = {
				ASSETCATALOG_COMPILER_APPICON_NAME = AppIcon;
				CODE_SIGN_STYLE = Automatic;
				DEVELOPMENT_TEAM = CG7P8955LL;
				INFOPLIST_FILE = SampleRxApp/Info.plist;
				LD_RUNPATH_SEARCH_PATHS = (
					"$(inherited)",
					"@executable_path/Frameworks",
				);
				PRODUCT_BUNDLE_IDENTIFIER = com.ivygulch.SampleRxApp;
				PRODUCT_NAME = "$(TARGET_NAME)";
				SWIFT_VERSION = 5.0;
				TARGETED_DEVICE_FAMILY = "1,2";
			};
			name = Debug;
		};
		F8187D462416BAAC001FB7E9 /* Release */ = {
			isa = XCBuildConfiguration;
			buildSettings = {
				ASSETCATALOG_COMPILER_APPICON_NAME = AppIcon;
				CODE_SIGN_STYLE = Automatic;
				DEVELOPMENT_TEAM = CG7P8955LL;
				INFOPLIST_FILE = SampleRxApp/Info.plist;
				LD_RUNPATH_SEARCH_PATHS = (
					"$(inherited)",
					"@executable_path/Frameworks",
				);
				PRODUCT_BUNDLE_IDENTIFIER = com.ivygulch.SampleRxApp;
				PRODUCT_NAME = "$(TARGET_NAME)";
				SWIFT_VERSION = 5.0;
				TARGETED_DEVICE_FAMILY = "1,2";
			};
			name = Release;
		};
		F8187D482416BAAC001FB7E9 /* Debug */ = {
			isa = XCBuildConfiguration;
			buildSettings = {
				ALWAYS_EMBED_SWIFT_STANDARD_LIBRARIES = YES;
				BUNDLE_LOADER = "$(TEST_HOST)";
				CODE_SIGN_STYLE = Automatic;
				DEVELOPMENT_TEAM = CG7P8955LL;
				INFOPLIST_FILE = SampleRxAppTests/Info.plist;
				IPHONEOS_DEPLOYMENT_TARGET = 13.0;
				LD_RUNPATH_SEARCH_PATHS = (
					"$(inherited)",
					"@executable_path/Frameworks",
					"@loader_path/Frameworks",
				);
				PRODUCT_BUNDLE_IDENTIFIER = com.ivygulch.SampleRxAppTests;
				PRODUCT_NAME = "$(TARGET_NAME)";
				SWIFT_VERSION = 5.0;
				TARGETED_DEVICE_FAMILY = "1,2";
				TEST_HOST = "$(BUILT_PRODUCTS_DIR)/SampleRxApp.app/SampleRxApp";
			};
			name = Debug;
		};
		F8187D492416BAAC001FB7E9 /* Release */ = {
			isa = XCBuildConfiguration;
			buildSettings = {
				ALWAYS_EMBED_SWIFT_STANDARD_LIBRARIES = YES;
				BUNDLE_LOADER = "$(TEST_HOST)";
				CODE_SIGN_STYLE = Automatic;
				DEVELOPMENT_TEAM = CG7P8955LL;
				INFOPLIST_FILE = SampleRxAppTests/Info.plist;
				IPHONEOS_DEPLOYMENT_TARGET = 13.0;
				LD_RUNPATH_SEARCH_PATHS = (
					"$(inherited)",
					"@executable_path/Frameworks",
					"@loader_path/Frameworks",
				);
				PRODUCT_BUNDLE_IDENTIFIER = com.ivygulch.SampleRxAppTests;
				PRODUCT_NAME = "$(TARGET_NAME)";
				SWIFT_VERSION = 5.0;
				TARGETED_DEVICE_FAMILY = "1,2";
				TEST_HOST = "$(BUILT_PRODUCTS_DIR)/SampleRxApp.app/SampleRxApp";
			};
			name = Release;
		};
/* End XCBuildConfiguration section */

/* Begin XCConfigurationList section */
		F8187D202416BAA9001FB7E9 /* Build configuration list for PBXProject "SampleRxApp" */ = {
			isa = XCConfigurationList;
			buildConfigurations = (
				F8187D422416BAAC001FB7E9 /* Debug */,
				F8187D432416BAAC001FB7E9 /* Release */,
			);
			defaultConfigurationIsVisible = 0;
			defaultConfigurationName = Release;
		};
		F8187D442416BAAC001FB7E9 /* Build configuration list for PBXNativeTarget "SampleRxApp" */ = {
			isa = XCConfigurationList;
			buildConfigurations = (
				F8187D452416BAAC001FB7E9 /* Debug */,
				F8187D462416BAAC001FB7E9 /* Release */,
			);
			defaultConfigurationIsVisible = 0;
			defaultConfigurationName = Release;
		};
		F8187D472416BAAC001FB7E9 /* Build configuration list for PBXNativeTarget "SampleRxAppTests" */ = {
			isa = XCConfigurationList;
			buildConfigurations = (
				F8187D482416BAAC001FB7E9 /* Debug */,
				F8187D492416BAAC001FB7E9 /* Release */,
			);
			defaultConfigurationIsVisible = 0;
			defaultConfigurationName = Release;
		};
/* End XCConfigurationList section */
	};
	rootObject = F8187D1D2416BAA9001FB7E9 /* Project object */;
}
